
Microsoft Visual Studio Solution File, Format Version 12.00
# Visual Studio Version 17
VisualStudioVersion = 17.5.33516.290
MinimumVisualStudioVersion = 10.0.40219.1
Project("{FAE04EC0-301F-11D3-BF4B-00C04F79EFBC}") = "WeatherDatabase", "WheaterDatabase\WeatherDatabase.csproj", "{BDC516CE-2674-41C2-8CE5-6E2ABF32F55E}"
EndProject
Project("{FAE04EC0-301F-11D3-BF4B-00C04F79EFBC}") = "OpenWeatherAPI_Example", "OpenWeatherAPI_Example\OpenWeatherAPI_Example.csproj", "{8040C334-53BC-46CA-8A83-A7CCEC790D1A}"
EndProject
Global
	GlobalSection(SolutionConfigurationPlatforms) = preSolution
		Debug|Any CPU = Debug|Any CPU
		Release|Any CPU = Release|Any CPU
	EndGlobalSection
	GlobalSection(ProjectConfigurationPlatforms) = postSolution
		{BDC516CE-2674-41C2-8CE5-6E2ABF32F55E}.Debug|Any CPU.ActiveCfg = Debug|Any CPU
		{BDC516CE-2674-41C2-8CE5-6E2ABF32F55E}.Debug|Any CPU.Build.0 = Debug|Any CPU
		{BDC516CE-2674-41C2-8CE5-6E2ABF32F55E}.Release|Any CPU.ActiveCfg = Release|Any CPU
		{BDC516CE-2674-41C2-8CE5-6E2ABF32F55E}.Release|Any CPU.Build.0 = Release|Any CPU
		{8040C334-53BC-46CA-8A83-A7CCEC790D1A}.Debug|Any CPU.ActiveCfg = Debug|Any CPU
		{8040C334-53BC-46CA-8A83-A7CCEC790D1A}.Debug|Any CPU.Build.0 = Debug|Any CPU
		{8040C334-53BC-46CA-8A83-A7CCEC790D1A}.Release|Any CPU.ActiveCfg = Release|Any CPU
		{8040C334-53BC-46CA-8A83-A7CCEC790D1A}.Release|Any CPU.Build.0 = Release|Any CPU
	EndGlobalSection
	GlobalSection(SolutionProperties) = preSolution
		HideSolutionNode = FALSE
	EndGlobalSection
	GlobalSection(ExtensibilityGlobals) = postSolution
		SolutionGuid = {D5A7A7F4-24AF-44F6-A4C0-C963AB87CC49}
	EndGlobalSection
EndGlobal
