
Microsoft Visual Studio Solution File, Format Version 12.00
# Visual Studio Version 17
VisualStudioVersion = 17.4.33103.184
MinimumVisualStudioVersion = 10.0.40219.1
Project("{9A19103F-16F7-4668-BE54-9A1E7A4F7556}") = "HomeLibraryMySQL", "HomeLibrary\HomeLibraryMySQL.csproj", "{81A41F29-095F-4DF1-B013-1E2266EA1C41}"
EndProject
Global
	GlobalSection(SolutionConfigurationPlatforms) = preSolution
		Debug|Any CPU = Debug|Any CPU
		Release|Any CPU = Release|Any CPU
	EndGlobalSection
	GlobalSection(ProjectConfigurationPlatforms) = postSolution
		{81A41F29-095F-4DF1-B013-1E2266EA1C41}.Debug|Any CPU.ActiveCfg = Debug|Any CPU
		{81A41F29-095F-4DF1-B013-1E2266EA1C41}.Debug|Any CPU.Build.0 = Debug|Any CPU
		{81A41F29-095F-4DF1-B013-1E2266EA1C41}.Release|Any CPU.ActiveCfg = Release|Any CPU
		{81A41F29-095F-4DF1-B013-1E2266EA1C41}.Release|Any CPU.Build.0 = Release|Any CPU
	EndGlobalSection
	GlobalSection(SolutionProperties) = preSolution
		HideSolutionNode = FALSE
	EndGlobalSection
	GlobalSection(ExtensibilityGlobals) = postSolution
		SolutionGuid = {7043E60A-1C16-44F6-B3D7-5DFE14FADF37}
	EndGlobalSection
EndGlobal
